
Microsoft Visual Studio Solution File, Format Version 12.00
# Visual Studio Version 17
VisualStudioVersion = 17.10.34928.147
MinimumVisualStudioVersion = 10.0.40219.1
Project("{9A19103F-16F7-4668-BE54-9A1E7A4F7556}") = "CqrsMediatr", "CqrsMediatr.csproj", "{072DC20A-1CAD-4303-B050-69D066EB334C}"
EndProject
Global
	GlobalSection(SolutionConfigurationPlatforms) = preSolution
		Debug|Any CPU = Debug|Any CPU
		Release|Any CPU = Release|Any CPU
	EndGlobalSection
	GlobalSection(ProjectConfigurationPlatforms) = postSolution
		{072DC20A-1CAD-4303-B050-69D066EB334C}.Debug|Any CPU.ActiveCfg = Debug|Any CPU
		{072DC20A-1CAD-4303-B050-69D066EB334C}.Debug|Any CPU.Build.0 = Debug|Any CPU
		{072DC20A-1CAD-4303-B050-69D066EB334C}.Release|Any CPU.ActiveCfg = Release|Any CPU
		{072DC20A-1CAD-4303-B050-69D066EB334C}.Release|Any CPU.Build.0 = Release|Any CPU
	EndGlobalSection
	GlobalSection(SolutionProperties) = preSolution
		HideSolutionNode = FALSE
	EndGlobalSection
	GlobalSection(ExtensibilityGlobals) = postSolution
		SolutionGuid = {1508DED6-2C20-4B75-8E5F-81EEBF4FB620}
	EndGlobalSection
EndGlobal
